// !$*UTF8*$!
{
	archiveVersion = 1;
	classes = {
	};
	objectVersion = 46;
	objects = {

/* Begin PBXBuildFile section */
		91A79F4000DA7452A5E2264B /* Pods_oath.framework in Frameworks */ = {isa = PBXBuildFile; fileRef = F3E7D07BA3937BCB6A81AD0B /* Pods_oath.framework */; };
		AF2B9D9A2181A1C0001A859E /* TotpDelegate.swift in Sources */ = {isa = PBXBuildFile; fileRef = AF2B9D992181A1C0001A859E /* TotpDelegate.swift */; };
		AF2B9D9C2181A490001A859E /* extension.swift in Sources */ = {isa = PBXBuildFile; fileRef = AF2B9D9B2181A490001A859E /* extension.swift */; };
		AF2B9D9E2181AB8B001A859E /* Totp.swift in Sources */ = {isa = PBXBuildFile; fileRef = AF2B9D9D2181AB8B001A859E /* Totp.swift */; };
		AF2B9DA02181AFA4001A859E /* TotpTest.swift in Sources */ = {isa = PBXBuildFile; fileRef = AF2B9D9F2181AFA4001A859E /* TotpTest.swift */; };
		AF414D23217F0E7B00921AE3 /* oath.framework in Frameworks */ = {isa = PBXBuildFile; fileRef = AF414D19217F0E7B00921AE3 /* oath.framework */; };
		AF414D2A217F0E7B00921AE3 /* oath.h in Headers */ = {isa = PBXBuildFile; fileRef = AF414D1C217F0E7B00921AE3 /* oath.h */; settings = {ATTRIBUTES = (Public, ); }; };
		AF557815218080A4008E7ABB /* Otp.swift in Sources */ = {isa = PBXBuildFile; fileRef = AF557814218080A4008E7ABB /* Otp.swift */; };
		AF557817218080D9008E7ABB /* OathDelegate.swift in Sources */ = {isa = PBXBuildFile; fileRef = AF557816218080D9008E7ABB /* OathDelegate.swift */; };
		AF557819218080FB008E7ABB /* HashType.swift in Sources */ = {isa = PBXBuildFile; fileRef = AF557818218080FB008E7ABB /* HashType.swift */; };
		AF55781B2180BE0A008E7ABB /* HotpDelegate.swift in Sources */ = {isa = PBXBuildFile; fileRef = AF55781A2180BE0A008E7ABB /* HotpDelegate.swift */; };
		AF55781D2180BE97008E7ABB /* Hotp.swift in Sources */ = {isa = PBXBuildFile; fileRef = AF55781C2180BE97008E7ABB /* Hotp.swift */; };
		AFD7D6A92180C8D900410F04 /* HotpTest.swift in Sources */ = {isa = PBXBuildFile; fileRef = AFD7D6A82180C8D900410F04 /* HotpTest.swift */; };
		C6BCCD6B1AD82B445B4A0AC3 /* Pods_oathTests.framework in Frameworks */ = {isa = PBXBuildFile; fileRef = 9888A75D81F8D86D4C89C020 /* Pods_oathTests.framework */; };
/* End PBXBuildFile section */

/* Begin PBXContainerItemProxy section */
		AF414D24217F0E7B00921AE3 /* PBXContainerItemProxy */ = {
			isa = PBXContainerItemProxy;
			containerPortal = AF414D10217F0E7B00921AE3 /* Project object */;
			proxyType = 1;
			remoteGlobalIDString = AF414D18217F0E7B00921AE3;
			remoteInfo = oath;
		};
/* End PBXContainerItemProxy section */

/* Begin PBXFileReference section */
		00D5E94F0E9A1631B30BAF51 /* Pods-oath.release.xcconfig */ = {isa = PBXFileReference; includeInIndex = 1; lastKnownFileType = text.xcconfig; name = "Pods-oath.release.xcconfig"; path = "Pods/Target Support Files/Pods-oath/Pods-oath.release.xcconfig"; sourceTree = "<group>"; };
		69CCEE01BE98B8066030DEC4 /* Pods-oathTests.release.xcconfig */ = {isa = PBXFileReference; includeInIndex = 1; lastKnownFileType = text.xcconfig; name = "Pods-oathTests.release.xcconfig"; path = "Pods/Target Support Files/Pods-oathTests/Pods-oathTests.release.xcconfig"; sourceTree = "<group>"; };
		7C2D95B91E02E4FE3B2EA7F8 /* Pods-oathTests.debug.xcconfig */ = {isa = PBXFileReference; includeInIndex = 1; lastKnownFileType = text.xcconfig; name = "Pods-oathTests.debug.xcconfig"; path = "Pods/Target Support Files/Pods-oathTests/Pods-oathTests.debug.xcconfig"; sourceTree = "<group>"; };
		9888A75D81F8D86D4C89C020 /* Pods_oathTests.framework */ = {isa = PBXFileReference; explicitFileType = wrapper.framework; includeInIndex = 0; path = Pods_oathTests.framework; sourceTree = BUILT_PRODUCTS_DIR; };
		AF2B9D992181A1C0001A859E /* TotpDelegate.swift */ = {isa = PBXFileReference; fileEncoding = 4; lastKnownFileType = sourcecode.swift; path = TotpDelegate.swift; sourceTree = "<group>"; };
		AF2B9D9B2181A490001A859E /* extension.swift */ = {isa = PBXFileReference; fileEncoding = 4; lastKnownFileType = sourcecode.swift; path = extension.swift; sourceTree = "<group>"; };
		AF2B9D9D2181AB8B001A859E /* Totp.swift */ = {isa = PBXFileReference; fileEncoding = 4; lastKnownFileType = sourcecode.swift; path = Totp.swift; sourceTree = "<group>"; };
		AF2B9D9F2181AFA4001A859E /* TotpTest.swift */ = {isa = PBXFileReference; fileEncoding = 4; lastKnownFileType = sourcecode.swift; path = TotpTest.swift; sourceTree = "<group>"; };
		AF414D19217F0E7B00921AE3 /* oath.framework */ = {isa = PBXFileReference; explicitFileType = wrapper.framework; includeInIndex = 0; path = oath.framework; sourceTree = BUILT_PRODUCTS_DIR; };
		AF414D1C217F0E7B00921AE3 /* oath.h */ = {isa = PBXFileReference; lastKnownFileType = sourcecode.c.h; path = oath.h; sourceTree = "<group>"; };
		AF414D1D217F0E7B00921AE3 /* Info.plist */ = {isa = PBXFileReference; lastKnownFileType = text.plist.xml; path = Info.plist; sourceTree = "<group>"; };
		AF414D22217F0E7B00921AE3 /* oathTests.xctest */ = {isa = PBXFileReference; explicitFileType = wrapper.cfbundle; includeInIndex = 0; path = oathTests.xctest; sourceTree = BUILT_PRODUCTS_DIR; };
		AF414D29217F0E7B00921AE3 /* Info.plist */ = {isa = PBXFileReference; lastKnownFileType = text.plist.xml; path = Info.plist; sourceTree = "<group>"; };
		AF557814218080A4008E7ABB /* Otp.swift */ = {isa = PBXFileReference; fileEncoding = 4; lastKnownFileType = sourcecode.swift; path = Otp.swift; sourceTree = "<group>"; };
		AF557816218080D9008E7ABB /* OathDelegate.swift */ = {isa = PBXFileReference; fileEncoding = 4; lastKnownFileType = sourcecode.swift; path = OathDelegate.swift; sourceTree = "<group>"; };
		AF557818218080FB008E7ABB /* HashType.swift */ = {isa = PBXFileReference; fileEncoding = 4; lastKnownFileType = sourcecode.swift; path = HashType.swift; sourceTree = "<group>"; };
		AF55781A2180BE0A008E7ABB /* HotpDelegate.swift */ = {isa = PBXFileReference; fileEncoding = 4; lastKnownFileType = sourcecode.swift; path = HotpDelegate.swift; sourceTree = "<group>"; };
		AF55781C2180BE97008E7ABB /* Hotp.swift */ = {isa = PBXFileReference; fileEncoding = 4; lastKnownFileType = sourcecode.swift; path = Hotp.swift; sourceTree = "<group>"; };
		AFD7D6A82180C8D900410F04 /* HotpTest.swift */ = {isa = PBXFileReference; fileEncoding = 4; lastKnownFileType = sourcecode.swift; path = HotpTest.swift; sourceTree = "<group>"; };
		D81C283CD809F11EAA01DECD /* Pods-oath.debug.xcconfig */ = {isa = PBXFileReference; includeInIndex = 1; lastKnownFileType = text.xcconfig; name = "Pods-oath.debug.xcconfig"; path = "Pods/Target Support Files/Pods-oath/Pods-oath.debug.xcconfig"; sourceTree = "<group>"; };
		F3E7D07BA3937BCB6A81AD0B /* Pods_oath.framework */ = {isa = PBXFileReference; explicitFileType = wrapper.framework; includeInIndex = 0; path = Pods_oath.framework; sourceTree = BUILT_PRODUCTS_DIR; };
/* End PBXFileReference section */

/* Begin PBXFrameworksBuildPhase section */
		AF414D15217F0E7B00921AE3 /* Frameworks */ = {
			isa = PBXFrameworksBuildPhase;
			buildActionMask = 2147483647;
			files = (
				91A79F4000DA7452A5E2264B /* Pods_oath.framework in Frameworks */,
			);
			runOnlyForDeploymentPostprocessing = 0;
		};
		AF414D1F217F0E7B00921AE3 /* Frameworks */ = {
			isa = PBXFrameworksBuildPhase;
			buildActionMask = 2147483647;
			files = (
				AF414D23217F0E7B00921AE3 /* oath.framework in Frameworks */,
				C6BCCD6B1AD82B445B4A0AC3 /* Pods_oathTests.framework in Frameworks */,
			);
			runOnlyForDeploymentPostprocessing = 0;
		};
/* End PBXFrameworksBuildPhase section */

/* Begin PBXGroup section */
		571B4B60A153DB95EC7DB7BE /* Frameworks */ = {
			isa = PBXGroup;
			children = (
				F3E7D07BA3937BCB6A81AD0B /* Pods_oath.framework */,
				9888A75D81F8D86D4C89C020 /* Pods_oathTests.framework */,
			);
			name = Frameworks;
			sourceTree = "<group>";
		};
		AF414D0F217F0E7B00921AE3 = {
			isa = PBXGroup;
			children = (
				AF414D1B217F0E7B00921AE3 /* oath */,
				AF414D26217F0E7B00921AE3 /* oathTests */,
				AF414D1A217F0E7B00921AE3 /* Products */,
				FC72031E206F9A9ADB11D2F0 /* Pods */,
				571B4B60A153DB95EC7DB7BE /* Frameworks */,
			);
			sourceTree = "<group>";
		};
		AF414D1A217F0E7B00921AE3 /* Products */ = {
			isa = PBXGroup;
			children = (
				AF414D19217F0E7B00921AE3 /* oath.framework */,
				AF414D22217F0E7B00921AE3 /* oathTests.xctest */,
			);
			name = Products;
			sourceTree = "<group>";
		};
		AF414D1B217F0E7B00921AE3 /* oath */ = {
			isa = PBXGroup;
			children = (
				AF414D1C217F0E7B00921AE3 /* oath.h */,
				AF414D1D217F0E7B00921AE3 /* Info.plist */,
				AF557814218080A4008E7ABB /* Otp.swift */,
				AF557816218080D9008E7ABB /* OathDelegate.swift */,
				AF557818218080FB008E7ABB /* HashType.swift */,
				AF55781A2180BE0A008E7ABB /* HotpDelegate.swift */,
				AF55781C2180BE97008E7ABB /* Hotp.swift */,
				AF2B9D992181A1C0001A859E /* TotpDelegate.swift */,
				AF2B9D9B2181A490001A859E /* extension.swift */,
				AF2B9D9D2181AB8B001A859E /* Totp.swift */,
			);
			path = oath;
			sourceTree = "<group>";
		};
		AF414D26217F0E7B00921AE3 /* oathTests */ = {
			isa = PBXGroup;
			children = (
				AF414D29217F0E7B00921AE3 /* Info.plist */,
				AFD7D6A82180C8D900410F04 /* HotpTest.swift */,
				AF2B9D9F2181AFA4001A859E /* TotpTest.swift */,
			);
			path = oathTests;
			sourceTree = "<group>";
		};
		FC72031E206F9A9ADB11D2F0 /* Pods */ = {
			isa = PBXGroup;
			children = (
				D81C283CD809F11EAA01DECD /* Pods-oath.debug.xcconfig */,
				00D5E94F0E9A1631B30BAF51 /* Pods-oath.release.xcconfig */,
				7C2D95B91E02E4FE3B2EA7F8 /* Pods-oathTests.debug.xcconfig */,
				69CCEE01BE98B8066030DEC4 /* Pods-oathTests.release.xcconfig */,
			);
			name = Pods;
			sourceTree = "<group>";
		};
/* End PBXGroup section */

/* Begin PBXHeadersBuildPhase section */
		AF414D16217F0E7B00921AE3 /* Headers */ = {
			isa = PBXHeadersBuildPhase;
			buildActionMask = 2147483647;
			files = (
				AF414D2A217F0E7B00921AE3 /* oath.h in Headers */,
			);
			runOnlyForDeploymentPostprocessing = 0;
		};
/* End PBXHeadersBuildPhase section */

/* Begin PBXNativeTarget section */
		AF414D18217F0E7B00921AE3 /* oath */ = {
			isa = PBXNativeTarget;
			buildConfigurationList = AF414D2D217F0E7B00921AE3 /* Build configuration list for PBXNativeTarget "oath" */;
			buildPhases = (
				D2F1325EC7D03D82B26903C2 /* [CP] Check Pods Manifest.lock */,
				AF414D14217F0E7B00921AE3 /* Sources */,
				AF414D15217F0E7B00921AE3 /* Frameworks */,
				AF414D16217F0E7B00921AE3 /* Headers */,
				AF414D17217F0E7B00921AE3 /* Resources */,
			);
			buildRules = (
			);
			dependencies = (
			);
			name = oath;
			productName = oath;
			productReference = AF414D19217F0E7B00921AE3 /* oath.framework */;
			productType = "com.apple.product-type.framework";
		};
		AF414D21217F0E7B00921AE3 /* oathTests */ = {
			isa = PBXNativeTarget;
			buildConfigurationList = AF414D30217F0E7B00921AE3 /* Build configuration list for PBXNativeTarget "oathTests" */;
			buildPhases = (
				171039C8A57BDFD240A3E197 /* [CP] Check Pods Manifest.lock */,
				AF414D1E217F0E7B00921AE3 /* Sources */,
				AF414D1F217F0E7B00921AE3 /* Frameworks */,
				AF414D20217F0E7B00921AE3 /* Resources */,
				1C4569CE1296296D9408F19E /* [CP] Embed Pods Frameworks */,
			);
			buildRules = (
			);
			dependencies = (
				AF414D25217F0E7B00921AE3 /* PBXTargetDependency */,
			);
			name = oathTests;
			productName = oathTests;
			productReference = AF414D22217F0E7B00921AE3 /* oathTests.xctest */;
			productType = "com.apple.product-type.bundle.unit-test";
		};
/* End PBXNativeTarget section */

/* Begin PBXProject section */
		AF414D10217F0E7B00921AE3 /* Project object */ = {
			isa = PBXProject;
			attributes = {
				LastSwiftUpdateCheck = 0830;
				LastUpgradeCheck = 0830;
				ORGANIZATIONNAME = "hamed akhlaghi";
				TargetAttributes = {
					AF414D18217F0E7B00921AE3 = {
						CreatedOnToolsVersion = 8.3.1;
						DevelopmentTeam = E8R89PF79F;
						LastSwiftMigration = 0830;
						ProvisioningStyle = Automatic;
					};
					AF414D21217F0E7B00921AE3 = {
						CreatedOnToolsVersion = 8.3.1;
						DevelopmentTeam = E8R89PF79F;
						LastSwiftMigration = 0830;
						ProvisioningStyle = Automatic;
					};
				};
			};
			buildConfigurationList = AF414D13217F0E7B00921AE3 /* Build configuration list for PBXProject "oath" */;
			compatibilityVersion = "Xcode 3.2";
			developmentRegion = English;
			hasScannedForEncodings = 0;
			knownRegions = (
				en,
			);
			mainGroup = AF414D0F217F0E7B00921AE3;
			productRefGroup = AF414D1A217F0E7B00921AE3 /* Products */;
			projectDirPath = "";
			projectRoot = "";
			targets = (
				AF414D18217F0E7B00921AE3 /* oath */,
				AF414D21217F0E7B00921AE3 /* oathTests */,
			);
		};
/* End PBXProject section */

/* Begin PBXResourcesBuildPhase section */
		AF414D17217F0E7B00921AE3 /* Resources */ = {
			isa = PBXResourcesBuildPhase;
			buildActionMask = 2147483647;
			files = (
			);
			runOnlyForDeploymentPostprocessing = 0;
		};
		AF414D20217F0E7B00921AE3 /* Resources */ = {
			isa = PBXResourcesBuildPhase;
			buildActionMask = 2147483647;
			files = (
			);
			runOnlyForDeploymentPostprocessing = 0;
		};
/* End PBXResourcesBuildPhase section */

/* Begin PBXShellScriptBuildPhase section */
		171039C8A57BDFD240A3E197 /* [CP] Check Pods Manifest.lock */ = {
			isa = PBXShellScriptBuildPhase;
			buildActionMask = 2147483647;
			files = (
			);
			inputPaths = (
				"${PODS_PODFILE_DIR_PATH}/Podfile.lock",
				"${PODS_ROOT}/Manifest.lock",
			);
			name = "[CP] Check Pods Manifest.lock";
			outputPaths = (
				"$(DERIVED_FILE_DIR)/Pods-oathTests-checkManifestLockResult.txt",
			);
			runOnlyForDeploymentPostprocessing = 0;
			shellPath = /bin/sh;
			shellScript = "diff \"${PODS_PODFILE_DIR_PATH}/Podfile.lock\" \"${PODS_ROOT}/Manifest.lock\" > /dev/null\nif [ $? != 0 ] ; then\n    # print error to STDERR\n    echo \"error: The sandbox is not in sync with the Podfile.lock. Run 'pod install' or update your CocoaPods installation.\" >&2\n    exit 1\nfi\n# This output is used by Xcode 'outputs' to avoid re-running this script phase.\necho \"SUCCESS\" > \"${SCRIPT_OUTPUT_FILE_0}\"\n";
			showEnvVarsInLog = 0;
		};
		1C4569CE1296296D9408F19E /* [CP] Embed Pods Frameworks */ = {
			isa = PBXShellScriptBuildPhase;
			buildActionMask = 2147483647;
			files = (
			);
			inputPaths = (
				"${SRCROOT}/Pods/Target Support Files/Pods-oathTests/Pods-oathTests-frameworks.sh",
				"${BUILT_PRODUCTS_DIR}/CryptoSwift/CryptoSwift.framework",
			);
			name = "[CP] Embed Pods Frameworks";
			outputPaths = (
				"${TARGET_BUILD_DIR}/${FRAMEWORKS_FOLDER_PATH}/CryptoSwift.framework",
			);
			runOnlyForDeploymentPostprocessing = 0;
			shellPath = /bin/sh;
			shellScript = "\"${SRCROOT}/Pods/Target Support Files/Pods-oathTests/Pods-oathTests-frameworks.sh\"\n";
			showEnvVarsInLog = 0;
		};
		D2F1325EC7D03D82B26903C2 /* [CP] Check Pods Manifest.lock */ = {
			isa = PBXShellScriptBuildPhase;
			buildActionMask = 2147483647;
			files = (
			);
			inputPaths = (
				"${PODS_PODFILE_DIR_PATH}/Podfile.lock",
				"${PODS_ROOT}/Manifest.lock",
			);
			name = "[CP] Check Pods Manifest.lock";
			outputPaths = (
				"$(DERIVED_FILE_DIR)/Pods-oath-checkManifestLockResult.txt",
			);
			runOnlyForDeploymentPostprocessing = 0;
			shellPath = /bin/sh;
			shellScript = "diff \"${PODS_PODFILE_DIR_PATH}/Podfile.lock\" \"${PODS_ROOT}/Manifest.lock\" > /dev/null\nif [ $? != 0 ] ; then\n    # print error to STDERR\n    echo \"error: The sandbox is not in sync with the Podfile.lock. Run 'pod install' or update your CocoaPods installation.\" >&2\n    exit 1\nfi\n# This output is used by Xcode 'outputs' to avoid re-running this script phase.\necho \"SUCCESS\" > \"${SCRIPT_OUTPUT_FILE_0}\"\n";
			showEnvVarsInLog = 0;
		};
/* End PBXShellScriptBuildPhase section */

/* Begin PBXSourcesBuildPhase section */
		AF414D14217F0E7B00921AE3 /* Sources */ = {
			isa = PBXSourcesBuildPhase;
			buildActionMask = 2147483647;
			files = (
				AF55781D2180BE97008E7ABB /* Hotp.swift in Sources */,
				AF2B9D9C2181A490001A859E /* extension.swift in Sources */,
				AF55781B2180BE0A008E7ABB /* HotpDelegate.swift in Sources */,
				AF557817218080D9008E7ABB /* OathDelegate.swift in Sources */,
				AF2B9D9E2181AB8B001A859E /* Totp.swift in Sources */,
				AF2B9D9A2181A1C0001A859E /* TotpDelegate.swift in Sources */,
				AF557815218080A4008E7ABB /* Otp.swift in Sources */,
				AF557819218080FB008E7ABB /* HashType.swift in Sources */,
			);
			runOnlyForDeploymentPostprocessing = 0;
		};
		AF414D1E217F0E7B00921AE3 /* Sources */ = {
			isa = PBXSourcesBuildPhase;
			buildActionMask = 2147483647;
			files = (
				AF2B9DA02181AFA4001A859E /* TotpTest.swift in Sources */,
				AFD7D6A92180C8D900410F04 /* HotpTest.swift in Sources */,
			);
			runOnlyForDeploymentPostprocessing = 0;
		};
/* End PBXSourcesBuildPhase section */

/* Begin PBXTargetDependency section */
		AF414D25217F0E7B00921AE3 /* PBXTargetDependency */ = {
			isa = PBXTargetDependency;
			target = AF414D18217F0E7B00921AE3 /* oath */;
			targetProxy = AF414D24217F0E7B00921AE3 /* PBXContainerItemProxy */;
		};
/* End PBXTargetDependency section */

/* Begin XCBuildConfiguration section */
		AF414D2B217F0E7B00921AE3 /* Debug */ = {
			isa = XCBuildConfiguration;
			buildSettings = {
				ALWAYS_SEARCH_USER_PATHS = NO;
				CLANG_ANALYZER_NONNULL = YES;
				CLANG_ANALYZER_NUMBER_OBJECT_CONVERSION = YES_AGGRESSIVE;
				CLANG_CXX_LANGUAGE_STANDARD = "gnu++0x";
				CLANG_CXX_LIBRARY = "libc++";
				CLANG_ENABLE_MODULES = YES;
				CLANG_ENABLE_OBJC_ARC = YES;
				CLANG_WARN_BOOL_CONVERSION = YES;
				CLANG_WARN_CONSTANT_CONVERSION = YES;
				CLANG_WARN_DIRECT_OBJC_ISA_USAGE = YES_ERROR;
				CLANG_WARN_DOCUMENTATION_COMMENTS = YES;
				CLANG_WARN_EMPTY_BODY = YES;
				CLANG_WARN_ENUM_CONVERSION = YES;
				CLANG_WARN_INFINITE_RECURSION = YES;
				CLANG_WARN_INT_CONVERSION = YES;
				CLANG_WARN_OBJC_ROOT_CLASS = YES_ERROR;
				CLANG_WARN_SUSPICIOUS_MOVE = YES;
				CLANG_WARN_UNREACHABLE_CODE = YES;
				CLANG_WARN__DUPLICATE_METHOD_MATCH = YES;
				"CODE_SIGN_IDENTITY[sdk=iphoneos*]" = "iPhone Developer";
				COPY_PHASE_STRIP = NO;
				CURRENT_PROJECT_VERSION = 1;
				DEBUG_INFORMATION_FORMAT = dwarf;
				ENABLE_STRICT_OBJC_MSGSEND = YES;
				ENABLE_TESTABILITY = YES;
				GCC_C_LANGUAGE_STANDARD = gnu99;
				GCC_DYNAMIC_NO_PIC = NO;
				GCC_NO_COMMON_BLOCKS = YES;
				GCC_OPTIMIZATION_LEVEL = 0;
				GCC_PREPROCESSOR_DEFINITIONS = (
					"DEBUG=1",
					"$(inherited)",
				);
				GCC_WARN_64_TO_32_BIT_CONVERSION = YES;
				GCC_WARN_ABOUT_RETURN_TYPE = YES_ERROR;
				GCC_WARN_UNDECLARED_SELECTOR = YES;
				GCC_WARN_UNINITIALIZED_AUTOS = YES_AGGRESSIVE;
				GCC_WARN_UNUSED_FUNCTION = YES;
				GCC_WARN_UNUSED_VARIABLE = YES;
				IPHONEOS_DEPLOYMENT_TARGET = 8.0;
				MTL_ENABLE_DEBUG_INFO = YES;
				ONLY_ACTIVE_ARCH = YES;
				SDKROOT = iphoneos;
				SWIFT_ACTIVE_COMPILATION_CONDITIONS = DEBUG;
				SWIFT_OPTIMIZATION_LEVEL = "-Onone";
				TARGETED_DEVICE_FAMILY = "1,2";
				VERSIONING_SYSTEM = "apple-generic";
				VERSION_INFO_PREFIX = "";
			};
			name = Debug;
		};
		AF414D2C217F0E7B00921AE3 /* Release */ = {
			isa = XCBuildConfiguration;
			buildSettings = {
				ALWAYS_SEARCH_USER_PATHS = NO;
				CLANG_ANALYZER_NONNULL = YES;
				CLANG_ANALYZER_NUMBER_OBJECT_CONVERSION = YES_AGGRESSIVE;
				CLANG_CXX_LANGUAGE_STANDARD = "gnu++0x";
				CLANG_CXX_LIBRARY = "libc++";
				CLANG_ENABLE_MODULES = YES;
				CLANG_ENABLE_OBJC_ARC = YES;
				CLANG_WARN_BOOL_CONVERSION = YES;
				CLANG_WARN_CONSTANT_CONVERSION = YES;
				CLANG_WARN_DIRECT_OBJC_ISA_USAGE = YES_ERROR;
				CLANG_WARN_DOCUMENTATION_COMMENTS = YES;
				CLANG_WARN_EMPTY_BODY = YES;
				CLANG_WARN_ENUM_CONVERSION = YES;
				CLANG_WARN_INFINITE_RECURSION = YES;
				CLANG_WARN_INT_CONVERSION = YES;
				CLANG_WARN_OBJC_ROOT_CLASS = YES_ERROR;
				CLANG_WARN_SUSPICIOUS_MOVE = YES;
				CLANG_WARN_UNREACHABLE_CODE = YES;
				CLANG_WARN__DUPLICATE_METHOD_MATCH = YES;
				"CODE_SIGN_IDENTITY[sdk=iphoneos*]" = "iPhone Developer";
				COPY_PHASE_STRIP = NO;
				CURRENT_PROJECT_VERSION = 1;
				DEBUG_INFORMATION_FORMAT = "dwarf-with-dsym";
				ENABLE_NS_ASSERTIONS = NO;
				ENABLE_STRICT_OBJC_MSGSEND = YES;
				GCC_C_LANGUAGE_STANDARD = gnu99;
				GCC_NO_COMMON_BLOCKS = YES;
				GCC_WARN_64_TO_32_BIT_CONVERSION = YES;
				GCC_WARN_ABOUT_RETURN_TYPE = YES_ERROR;
				GCC_WARN_UNDECLARED_SELECTOR = YES;
				GCC_WARN_UNINITIALIZED_AUTOS = YES_AGGRESSIVE;
				GCC_WARN_UNUSED_FUNCTION = YES;
				GCC_WARN_UNUSED_VARIABLE = YES;
				IPHONEOS_DEPLOYMENT_TARGET = 8.0;
				MTL_ENABLE_DEBUG_INFO = NO;
				SDKROOT = iphoneos;
				SWIFT_OPTIMIZATION_LEVEL = "-Owholemodule";
				TARGETED_DEVICE_FAMILY = "1,2";
				VALIDATE_PRODUCT = YES;
				VERSIONING_SYSTEM = "apple-generic";
				VERSION_INFO_PREFIX = "";
			};
			name = Release;
		};
		AF414D2E217F0E7B00921AE3 /* Debug */ = {
			isa = XCBuildConfiguration;
			baseConfigurationReference = D81C283CD809F11EAA01DECD /* Pods-oath.debug.xcconfig */;
			buildSettings = {
				CLANG_ENABLE_MODULES = YES;
				CODE_SIGN_IDENTITY = "";
				DEFINES_MODULE = YES;
				DEVELOPMENT_TEAM = E8R89PF79F;
				DYLIB_COMPATIBILITY_VERSION = 1;
				DYLIB_CURRENT_VERSION = 1;
				DYLIB_INSTALL_NAME_BASE = "@rpath";
				INFOPLIST_FILE = oath/Info.plist;
				INSTALL_PATH = "$(LOCAL_LIBRARY_DIR)/Frameworks";
				IPHONEOS_DEPLOYMENT_TARGET = 8.0;
				LD_RUNPATH_SEARCH_PATHS = "$(inherited) @executable_path/Frameworks @loader_path/Frameworks";
				PRODUCT_BUNDLE_IDENTIFIER = com.nuesoft.oath;
				PRODUCT_NAME = "$(TARGET_NAME)";
				SDKROOT = iphoneos;
				SKIP_INSTALL = YES;
				SWIFT_OPTIMIZATION_LEVEL = "-Onone";
				SWIFT_VERSION = 3.0;
			};
			name = Debug;
		};
		AF414D2F217F0E7B00921AE3 /* Release */ = {
			isa = XCBuildConfiguration;
			baseConfigurationReference = 00D5E94F0E9A1631B30BAF51 /* Pods-oath.release.xcconfig */;
			buildSettings = {
				CLANG_ENABLE_MODULES = YES;
				CODE_SIGN_IDENTITY = "";
				DEFINES_MODULE = YES;
				DEVELOPMENT_TEAM = E8R89PF79F;
				DYLIB_COMPATIBILITY_VERSION = 1;
				DYLIB_CURRENT_VERSION = 1;
				DYLIB_INSTALL_NAME_BASE = "@rpath";
				INFOPLIST_FILE = oath/Info.plist;
				INSTALL_PATH = "$(LOCAL_LIBRARY_DIR)/Frameworks";
				IPHONEOS_DEPLOYMENT_TARGET = 8.0;
				LD_RUNPATH_SEARCH_PATHS = "$(inherited) @executable_path/Frameworks @loader_path/Frameworks";
				PRODUCT_BUNDLE_IDENTIFIER = com.nuesoft.oath;
				PRODUCT_NAME = "$(TARGET_NAME)";
				SDKROOT = iphoneos;
				SKIP_INSTALL = YES;
				SWIFT_VERSION = 3.0;
			};
			name = Release;
		};
		AF414D31217F0E7B00921AE3 /* Debug */ = {
			isa = XCBuildConfiguration;
			baseConfigurationReference = 7C2D95B91E02E4FE3B2EA7F8 /* Pods-oathTests.debug.xcconfig */;
			buildSettings = {
				ALWAYS_EMBED_SWIFT_STANDARD_LIBRARIES = YES;
				CLANG_ENABLE_MODULES = YES;
				DEVELOPMENT_TEAM = E8R89PF79F;
				INFOPLIST_FILE = oathTests/Info.plist;
				LD_RUNPATH_SEARCH_PATHS = "$(inherited) @executable_path/Frameworks @loader_path/Frameworks";
				PRODUCT_BUNDLE_IDENTIFIER = com.nuesoft.oathTests;
				PRODUCT_NAME = "$(TARGET_NAME)";
				SWIFT_OBJC_BRIDGING_HEADER = "";
				SWIFT_OPTIMIZATION_LEVEL = "-Onone";
				SWIFT_VERSION = 3.0;
			};
			name = Debug;
		};
		AF414D32217F0E7B00921AE3 /* Release */ = {
			isa = XCBuildConfiguration;
			baseConfigurationReference = 69CCEE01BE98B8066030DEC4 /* Pods-oathTests.release.xcconfig */;
			buildSettings = {
				ALWAYS_EMBED_SWIFT_STANDARD_LIBRARIES = YES;
				CLANG_ENABLE_MODULES = YES;
				DEVELOPMENT_TEAM = E8R89PF79F;
				INFOPLIST_FILE = oathTests/Info.plist;
				LD_RUNPATH_SEARCH_PATHS = "$(inherited) @executable_path/Frameworks @loader_path/Frameworks";
				PRODUCT_BUNDLE_IDENTIFIER = com.nuesoft.oathTests;
				PRODUCT_NAME = "$(TARGET_NAME)";
				SWIFT_OBJC_BRIDGING_HEADER = "";
				SWIFT_VERSION = 3.0;
			};
			name = Release;
		};
/* End XCBuildConfiguration section */

/* Begin XCConfigurationList section */
		AF414D13217F0E7B00921AE3 /* Build configuration list for PBXProject "oath" */ = {
			isa = XCConfigurationList;
			buildConfigurations = (
				AF414D2B217F0E7B00921AE3 /* Debug */,
				AF414D2C217F0E7B00921AE3 /* Release */,
			);
			defaultConfigurationIsVisible = 0;
			defaultConfigurationName = Release;
		};
		AF414D2D217F0E7B00921AE3 /* Build configuration list for PBXNativeTarget "oath" */ = {
			isa = XCConfigurationList;
			buildConfigurations = (
				AF414D2E217F0E7B00921AE3 /* Debug */,
				AF414D2F217F0E7B00921AE3 /* Release */,
			);
			defaultConfigurationIsVisible = 0;
			defaultConfigurationName = Release;
		};
		AF414D30217F0E7B00921AE3 /* Build configuration list for PBXNativeTarget "oathTests" */ = {
			isa = XCConfigurationList;
			buildConfigurations = (
				AF414D31217F0E7B00921AE3 /* Debug */,
				AF414D32217F0E7B00921AE3 /* Release */,
			);
			defaultConfigurationIsVisible = 0;
			defaultConfigurationName = Release;
		};
/* End XCConfigurationList section */
	};
	rootObject = AF414D10217F0E7B00921AE3 /* Project object */;
}
